github.com/google/renameio/v2 v2.0.1 h1:HyOM6qd9gF9sf15AvhbptGHUnaLTpEI9akAFFU3VyW0=
github.com/google/renameio/v2 v2.0.1/go.mod h1:BtmJXm5YlszgC+TD4HOEEUFgkJP3nLxehU6hfe7jRt4=
golang.org/x/text v0.31.0 h1:aC8ghyu4JhP8VojJ2lEHBnochRno1sgL6nEi9WGFGMM=
golang.org/x/text v0.31.0/go.mod h1:tKRAlv61yKIjGGHX/4tP1LTbc13YSec1pxVEWXzfoeM=
